// !$*UTF8*$!
{
	archiveVersion = 1;
	classes = {
	};
	objectVersion = 77;
	objects = {

/* Begin PBXBuildFile section */
		06A8D73A5E1017556ACBD1A5 /* MenuBarController.swift in Sources */ = {isa = PBXBuildFile; fileRef = 0CF941E9EA2FA5B0FE324BFE /* MenuBarController.swift */; };
		1310D17ECFB9880B7225AF99 /* PacketTunnelProvider.swift in Sources */ = {isa = PBXBuildFile; fileRef = A891D2E5644988BC3B2347F3 /* PacketTunnelProvider.swift */; };
		193371A69A8F22F5FE2D22C3 /* StatusItemIcon.swift in Sources */ = {isa = PBXBuildFile; fileRef = BF5A9BE1ACE81A2DD9B0E53C /* StatusItemIcon.swift */; };
		19BF97C9AC9B5B02D7D6D054 /* AppGroupKeyStore.swift in Sources */ = {isa = PBXBuildFile; fileRef = F2B61018460812E8825BC010 /* AppGroupKeyStore.swift */; };
		20AA99BB72332FFD78A8B74A /* AppDelegate.swift in Sources */ = {isa = PBXBuildFile; fileRef = 4900BA82D6EBAED828485DDA /* AppDelegate.swift */; };
		2491166337B2E2C24951B1B1 /* rosenpassffi.swift in Sources */ = {isa = PBXBuildFile; fileRef = CC9FBB5322F6F153C7A6F6CC /* rosenpassffi.swift */; };
		433B84630E4A032D06A48F4A /* rosenpassffiFFI.framework in Frameworks */ = {isa = PBXBuildFile; fileRef = BDDC416DE1D696A237620B9C /* rosenpassffiFFI.framework */; };
		4574E08ADCC960CE3490CFD8 /* Region.swift in Sources */ = {isa = PBXBuildFile; fileRef = 53012357CF1AF36AA615A567 /* Region.swift */; };
		58F5AD73B8542CC0D18FEC8E /* TunnelManager.swift in Sources */ = {isa = PBXBuildFile; fileRef = D644E46B01404B2CEB8C71A7 /* TunnelManager.swift */; };
		59E4D3CD18A7AEABF5D20141 /* LatticeMacTunnelProvider.swift in Sources */ = {isa = PBXBuildFile; fileRef = 8927E4ACEA21E973CD56CE9E /* LatticeMacTunnelProvider.swift */; };
		63DECF939F2C8716FFF1465E /* RosenpassBridge.swift in Sources */ = {isa = PBXBuildFile; fileRef = 5F5AC903F93485FEF3A202DC /* RosenpassBridge.swift */; };
		80D10B1850912C76A48B0F1E /* SubscriptionInfo.swift in Sources */ = {isa = PBXBuildFile; fileRef = 248EA2AACC0AF36FA694C8FE /* SubscriptionInfo.swift */; };
		84700939DE8F4738607EA2DA /* ConfigParser.swift in Sources */ = {isa = PBXBuildFile; fileRef = A104B36A4CB5B6AAB224E961 /* ConfigParser.swift */; };
		8F5AF229D25A1F22ADA73A6B /* rosenpassffi.swift in Sources */ = {isa = PBXBuildFile; fileRef = CC9FBB5322F6F153C7A6F6CC /* rosenpassffi.swift */; };
		9976D68EC55F77F6CA200753 /* rosenpassffiFFI.framework in Embed Frameworks */ = {isa = PBXBuildFile; fileRef = BDDC416DE1D696A237620B9C /* rosenpassffiFFI.framework */; settings = {ATTRIBUTES = (CodeSignOnCopy, RemoveHeadersOnCopy, ); }; };
		A848AFC600E98731ECADE270 /* ConnectionViewModel.swift in Sources */ = {isa = PBXBuildFile; fileRef = 588EB77FE56779DD2E458442 /* ConnectionViewModel.swift */; };
		AF099372ED2C6A41B4CD3A5D /* LatticeMacTunnel.appex in Embed Foundation Extensions */ = {isa = PBXBuildFile; fileRef = C70211E508CDEF32A95D730E /* LatticeMacTunnel.appex */; settings = {ATTRIBUTES = (RemoveHeadersOnCopy, ); }; };
		B1AB44BC2480110F46EC8765 /* WireGuardKit in Frameworks */ = {isa = PBXBuildFile; productRef = AE77F3F852E2699E6B1ECF04 /* WireGuardKit */; };
		B50EE3D9484F6E28794BA345 /* CloakAuthClient.swift in Sources */ = {isa = PBXBuildFile; fileRef = 6D66B6AF4D4684063FE674FA /* CloakAuthClient.swift */; };
		B98EA2B1AFF3B0E29256B127 /* LatticeMacApp.swift in Sources */ = {isa = PBXBuildFile; fileRef = B8127F371BCD2324A33A6E3F /* LatticeMacApp.swift */; };
		C37A889191C3205FB7469E68 /* AppGroupKeyStore.swift in Sources */ = {isa = PBXBuildFile; fileRef = F2B61018460812E8825BC010 /* AppGroupKeyStore.swift */; };
		CA56723BB3DCB0085A2F5EC8 /* ConnectionPopoverView.swift in Sources */ = {isa = PBXBuildFile; fileRef = 1F16C55A4580D4F594F8FC03 /* ConnectionPopoverView.swift */; };
		CBC890E0A4F62154200B3DCD /* Region.swift in Sources */ = {isa = PBXBuildFile; fileRef = 53012357CF1AF36AA615A567 /* Region.swift */; };
		D198FCCAF2CBFB76EB563E2F /* SettingsView.swift in Sources */ = {isa = PBXBuildFile; fileRef = F3C0F849BCC964CB369C2C52 /* SettingsView.swift */; };
		D34EFC80DEA3A7E7D79B3B8D /* ConfigParser.swift in Sources */ = {isa = PBXBuildFile; fileRef = A104B36A4CB5B6AAB224E961 /* ConfigParser.swift */; };
		D94517150145F45AE2CE1766 /* rosenpassffiFFI.framework in Frameworks */ = {isa = PBXBuildFile; fileRef = BDDC416DE1D696A237620B9C /* rosenpassffiFFI.framework */; };
		DC0C893A230AC7B789DAFFE9 /* RosenpassDriver.swift in Sources */ = {isa = PBXBuildFile; fileRef = B88AC785AFB580AC798C734C /* RosenpassDriver.swift */; };
/* End PBXBuildFile section */

/* Begin PBXContainerItemProxy section */
		960D3168DF7FD711BC2BBE56 /* PBXContainerItemProxy */ = {
			isa = PBXContainerItemProxy;
			containerPortal = 0909503C99CBFDB71E755059 /* Project object */;
			proxyType = 1;
			remoteGlobalIDString = EFFB998CEE24A0FEF371E615;
			remoteInfo = LatticeMacTunnel;
		};
/* End PBXContainerItemProxy section */

/* Begin PBXCopyFilesBuildPhase section */
		B74E77A27E0A93BE919CFB70 /* Embed Frameworks */ = {
			isa = PBXCopyFilesBuildPhase;
			buildActionMask = 2147483647;
			dstPath = "";
			dstSubfolderSpec = 10;
			files = (
				9976D68EC55F77F6CA200753 /* rosenpassffiFFI.framework in Embed Frameworks */,
			);
			name = "Embed Frameworks";
			runOnlyForDeploymentPostprocessing = 0;
		};
		CBDDAD6BC21432C7C777E0E0 /* Embed Foundation Extensions */ = {
			isa = PBXCopyFilesBuildPhase;
			buildActionMask = 2147483647;
			dstPath = "";
			dstSubfolderSpec = 13;
			files = (
				AF099372ED2C6A41B4CD3A5D /* LatticeMacTunnel.appex in Embed Foundation Extensions */,
			);
			name = "Embed Foundation Extensions";
			runOnlyForDeploymentPostprocessing = 0;
		};
/* End PBXCopyFilesBuildPhase section */

/* Begin PBXFileReference section */
		0CF941E9EA2FA5B0FE324BFE /* MenuBarController.swift */ = {isa = PBXFileReference; lastKnownFileType = sourcecode.swift; path = MenuBarController.swift; sourceTree = "<group>"; };
		1F16C55A4580D4F594F8FC03 /* ConnectionPopoverView.swift */ = {isa = PBXFileReference; lastKnownFileType = sourcecode.swift; path = ConnectionPopoverView.swift; sourceTree = "<group>"; };
		248EA2AACC0AF36FA694C8FE /* SubscriptionInfo.swift */ = {isa = PBXFileReference; lastKnownFileType = sourcecode.swift; path = SubscriptionInfo.swift; sourceTree = "<group>"; };
		4900BA82D6EBAED828485DDA /* AppDelegate.swift */ = {isa = PBXFileReference; lastKnownFileType = sourcecode.swift; path = AppDelegate.swift; sourceTree = "<group>"; };
		53012357CF1AF36AA615A567 /* Region.swift */ = {isa = PBXFileReference; lastKnownFileType = sourcecode.swift; path = Region.swift; sourceTree = "<group>"; };
		588EB77FE56779DD2E458442 /* ConnectionViewModel.swift */ = {isa = PBXFileReference; lastKnownFileType = sourcecode.swift; path = ConnectionViewModel.swift; sourceTree = "<group>"; };
		5F5AC903F93485FEF3A202DC /* RosenpassBridge.swift */ = {isa = PBXFileReference; lastKnownFileType = sourcecode.swift; path = RosenpassBridge.swift; sourceTree = "<group>"; };
		6D66B6AF4D4684063FE674FA /* CloakAuthClient.swift */ = {isa = PBXFileReference; lastKnownFileType = sourcecode.swift; path = CloakAuthClient.swift; sourceTree = "<group>"; };
		8927E4ACEA21E973CD56CE9E /* LatticeMacTunnelProvider.swift */ = {isa = PBXFileReference; lastKnownFileType = sourcecode.swift; path = LatticeMacTunnelProvider.swift; sourceTree = "<group>"; };
		A104B36A4CB5B6AAB224E961 /* ConfigParser.swift */ = {isa = PBXFileReference; lastKnownFileType = sourcecode.swift; path = ConfigParser.swift; sourceTree = "<group>"; };
		A891D2E5644988BC3B2347F3 /* PacketTunnelProvider.swift */ = {isa = PBXFileReference; lastKnownFileType = sourcecode.swift; path = PacketTunnelProvider.swift; sourceTree = "<group>"; };
		B8127F371BCD2324A33A6E3F /* LatticeMacApp.swift */ = {isa = PBXFileReference; lastKnownFileType = sourcecode.swift; path = LatticeMacApp.swift; sourceTree = "<group>"; };
		B88AC785AFB580AC798C734C /* RosenpassDriver.swift */ = {isa = PBXFileReference; lastKnownFileType = sourcecode.swift; path = RosenpassDriver.swift; sourceTree = "<group>"; };
		BDDC416DE1D696A237620B9C /* rosenpassffiFFI.framework */ = {isa = PBXFileReference; lastKnownFileType = wrapper.framework; name = rosenpassffiFFI.framework; path = Frameworks/rosenpassffiFFI.framework; sourceTree = "<group>"; };
		BF5A9BE1ACE81A2DD9B0E53C /* StatusItemIcon.swift */ = {isa = PBXFileReference; lastKnownFileType = sourcecode.swift; path = StatusItemIcon.swift; sourceTree = "<group>"; };
		C70211E508CDEF32A95D730E /* LatticeMacTunnel.appex */ = {isa = PBXFileReference; explicitFileType = "wrapper.app-extension"; includeInIndex = 0; path = LatticeMacTunnel.appex; sourceTree = BUILT_PRODUCTS_DIR; };
		CC9FBB5322F6F153C7A6F6CC /* rosenpassffi.swift */ = {isa = PBXFileReference; lastKnownFileType = sourcecode.swift; path = rosenpassffi.swift; sourceTree = "<group>"; };
		D644E46B01404B2CEB8C71A7 /* TunnelManager.swift */ = {isa = PBXFileReference; lastKnownFileType = sourcecode.swift; path = TunnelManager.swift; sourceTree = "<group>"; };
		E4EC78ABF23F8C1F80FE35EB /* Secrets.xcconfig */ = {isa = PBXFileReference; lastKnownFileType = text.xcconfig; path = Secrets.xcconfig; sourceTree = "<group>"; };
		E9B7BFEB82A2EC83CE1EB469 /* LatticeMac.app */ = {isa = PBXFileReference; explicitFileType = wrapper.application; includeInIndex = 0; path = LatticeMac.app; sourceTree = BUILT_PRODUCTS_DIR; };
		F2B61018460812E8825BC010 /* AppGroupKeyStore.swift */ = {isa = PBXFileReference; lastKnownFileType = sourcecode.swift; path = AppGroupKeyStore.swift; sourceTree = "<group>"; };
		F3C0F849BCC964CB369C2C52 /* SettingsView.swift */ = {isa = PBXFileReference; lastKnownFileType = sourcecode.swift; path = SettingsView.swift; sourceTree = "<group>"; };
/* End PBXFileReference section */

/* Begin PBXFrameworksBuildPhase section */
		1407012359496427AB60C83C /* Frameworks */ = {
			isa = PBXFrameworksBuildPhase;
			buildActionMask = 2147483647;
			files = (
				433B84630E4A032D06A48F4A /* rosenpassffiFFI.framework in Frameworks */,
				B1AB44BC2480110F46EC8765 /* WireGuardKit in Frameworks */,
			);
			runOnlyForDeploymentPostprocessing = 0;
		};
		DC35961BE665352F491F9F9B /* Frameworks */ = {
			isa = PBXFrameworksBuildPhase;
			buildActionMask = 2147483647;
			files = (
				D94517150145F45AE2CE1766 /* rosenpassffiFFI.framework in Frameworks */,
			);
			runOnlyForDeploymentPostprocessing = 0;
		};
/* End PBXFrameworksBuildPhase section */

/* Begin PBXGroup section */
		00627C1ED9126EA668AE8CA8 = {
			isa = PBXGroup;
			children = (
				0DDD3B773BAEB8FABA849078 /* clients */,
				3B19DC77F1875BE66312E84E /* LatticeMac */,
				2BCEA5D265307F10821D8C16 /* LatticeMacTunnel */,
				74F98467D57ADBB775D1C9E4 /* Frameworks */,
				9E12CB49512FAD65ADE0241F /* Products */,
			);
			sourceTree = "<group>";
		};
		0DDD3B773BAEB8FABA849078 /* clients */ = {
			isa = PBXGroup;
			children = (
				36E2037101C17AAB780174EB /* ios */,
			);
			name = clients;
			path = ..;
			sourceTree = "<group>";
		};
		140FABB3A8119FA224DF5D61 /* CloakTunnel */ = {
			isa = PBXGroup;
			children = (
				A891D2E5644988BC3B2347F3 /* PacketTunnelProvider.swift */,
				B88AC785AFB580AC798C734C /* RosenpassDriver.swift */,
			);
			path = CloakTunnel;
			sourceTree = "<group>";
		};
		2BCEA5D265307F10821D8C16 /* LatticeMacTunnel */ = {
			isa = PBXGroup;
			children = (
				8927E4ACEA21E973CD56CE9E /* LatticeMacTunnelProvider.swift */,
			);
			path = LatticeMacTunnel;
			sourceTree = "<group>";
		};
		36E2037101C17AAB780174EB /* ios */ = {
			isa = PBXGroup;
			children = (
				140FABB3A8119FA224DF5D61 /* CloakTunnel */,
				965F63189AE8249D0DC0A9F7 /* CloakVPN */,
			);
			path = ios;
			sourceTree = "<group>";
		};
		3B19DC77F1875BE66312E84E /* LatticeMac */ = {
			isa = PBXGroup;
			children = (
				C0E77D45707AD1BDCDF36E2A /* MenuBar */,
				67563D01E4EA3F9ACF02F26F /* Settings */,
				66A1FB1C8FA8E7C5E81FA2FD /* ViewModels */,
				4900BA82D6EBAED828485DDA /* AppDelegate.swift */,
				B8127F371BCD2324A33A6E3F /* LatticeMacApp.swift */,
			);
			path = LatticeMac;
			sourceTree = "<group>";
		};
		66A1FB1C8FA8E7C5E81FA2FD /* ViewModels */ = {
			isa = PBXGroup;
			children = (
				588EB77FE56779DD2E458442 /* ConnectionViewModel.swift */,
			);
			path = ViewModels;
			sourceTree = "<group>";
		};
		67563D01E4EA3F9ACF02F26F /* Settings */ = {
			isa = PBXGroup;
			children = (
				F3C0F849BCC964CB369C2C52 /* SettingsView.swift */,
			);
			path = Settings;
			sourceTree = "<group>";
		};
		74F98467D57ADBB775D1C9E4 /* Frameworks */ = {
			isa = PBXGroup;
			children = (
				BDDC416DE1D696A237620B9C /* rosenpassffiFFI.framework */,
			);
			name = Frameworks;
			sourceTree = "<group>";
		};
		965F63189AE8249D0DC0A9F7 /* CloakVPN */ = {
			isa = PBXGroup;
			children = (
				F2B61018460812E8825BC010 /* AppGroupKeyStore.swift */,
				6D66B6AF4D4684063FE674FA /* CloakAuthClient.swift */,
				A104B36A4CB5B6AAB224E961 /* ConfigParser.swift */,
				53012357CF1AF36AA615A567 /* Region.swift */,
				5F5AC903F93485FEF3A202DC /* RosenpassBridge.swift */,
				CC9FBB5322F6F153C7A6F6CC /* rosenpassffi.swift */,
				E4EC78ABF23F8C1F80FE35EB /* Secrets.xcconfig */,
				248EA2AACC0AF36FA694C8FE /* SubscriptionInfo.swift */,
				D644E46B01404B2CEB8C71A7 /* TunnelManager.swift */,
			);
			path = CloakVPN;
			sourceTree = "<group>";
		};
		9E12CB49512FAD65ADE0241F /* Products */ = {
			isa = PBXGroup;
			children = (
				E9B7BFEB82A2EC83CE1EB469 /* LatticeMac.app */,
				C70211E508CDEF32A95D730E /* LatticeMacTunnel.appex */,
			);
			name = Products;
			sourceTree = "<group>";
		};
		C0E77D45707AD1BDCDF36E2A /* MenuBar */ = {
			isa = PBXGroup;
			children = (
				1F16C55A4580D4F594F8FC03 /* ConnectionPopoverView.swift */,
				0CF941E9EA2FA5B0FE324BFE /* MenuBarController.swift */,
				BF5A9BE1ACE81A2DD9B0E53C /* StatusItemIcon.swift */,
			);
			path = MenuBar;
			sourceTree = "<group>";
		};
/* End PBXGroup section */

/* Begin PBXNativeTarget section */
		399998A5F0AD1F59A9639B1B /* LatticeMac */ = {
			isa = PBXNativeTarget;
			buildConfigurationList = DA4C3A59F7EEA52B55A39820 /* Build configuration list for PBXNativeTarget "LatticeMac" */;
			buildPhases = (
				379E518E1268366463A8BE4F /* Sources */,
				DC35961BE665352F491F9F9B /* Frameworks */,
				CBDDAD6BC21432C7C777E0E0 /* Embed Foundation Extensions */,
				B74E77A27E0A93BE919CFB70 /* Embed Frameworks */,
			);
			buildRules = (
			);
			dependencies = (
				BC620701A17543BF2AEB0C27 /* PBXTargetDependency */,
			);
			name = LatticeMac;
			packageProductDependencies = (
			);
			productName = LatticeMac;
			productReference = E9B7BFEB82A2EC83CE1EB469 /* LatticeMac.app */;
			productType = "com.apple.product-type.application";
		};
		EFFB998CEE24A0FEF371E615 /* LatticeMacTunnel */ = {
			isa = PBXNativeTarget;
			buildConfigurationList = 75940214D4978B57FB6F12F7 /* Build configuration list for PBXNativeTarget "LatticeMacTunnel" */;
			buildPhases = (
				2A0EEC929B7AD5E4E778BFAA /* Build WireGuardKitGo */,
				8D93AD1090FF82FDA824E181 /* Sources */,
				1407012359496427AB60C83C /* Frameworks */,
			);
			buildRules = (
			);
			dependencies = (
			);
			name = LatticeMacTunnel;
			packageProductDependencies = (
				AE77F3F852E2699E6B1ECF04 /* WireGuardKit */,
			);
			productName = LatticeMacTunnel;
			productReference = C70211E508CDEF32A95D730E /* LatticeMacTunnel.appex */;
			productType = "com.apple.product-type.app-extension";
		};
/* End PBXNativeTarget section */

/* Begin PBXProject section */
		0909503C99CBFDB71E755059 /* Project object */ = {
			isa = PBXProject;
			attributes = {
				BuildIndependentTargetsInParallel = YES;
				LastUpgradeCheck = 1430;
				TargetAttributes = {
					399998A5F0AD1F59A9639B1B = {
						ProvisioningStyle = Automatic;
					};
					EFFB998CEE24A0FEF371E615 = {
						ProvisioningStyle = Automatic;
					};
				};
			};
			buildConfigurationList = EFBD04CA08F44C695EC95D5A /* Build configuration list for PBXProject "LatticeMac" */;
			developmentRegion = en;
			hasScannedForEncodings = 0;
			knownRegions = (
				Base,
				en,
			);
			mainGroup = 00627C1ED9126EA668AE8CA8;
			minimizedProjectReferenceProxies = 1;
			packageReferences = (
				9BF8CAA7C733355E60BB45F7 /* XCRemoteSwiftPackageReference "wireguard-apple" */,
			);
			preferredProjectObjectVersion = 77;
			productRefGroup = 9E12CB49512FAD65ADE0241F /* Products */;
			projectDirPath = "";
			projectRoot = "";
			targets = (
				399998A5F0AD1F59A9639B1B /* LatticeMac */,
				EFFB998CEE24A0FEF371E615 /* LatticeMacTunnel */,
			);
		};
/* End PBXProject section */

/* Begin PBXShellScriptBuildPhase section */
		2A0EEC929B7AD5E4E778BFAA /* Build WireGuardKitGo */ = {
			isa = PBXShellScriptBuildPhase;
			alwaysOutOfDate = 1;
			buildActionMask = 2147483647;
			files = (
			);
			inputFileListPaths = (
			);
			inputPaths = (
			);
			name = "Build WireGuardKitGo";
			outputFileListPaths = (
			);
			outputPaths = (
			);
			runOnlyForDeploymentPostprocessing = 0;
			shellPath = /bin/bash;
			shellScript = "set -euo pipefail\nWG_GO_DIR=\"\"\nDIR=\"$BUILT_PRODUCTS_DIR\"\nwhile [ \"$DIR\" != \"/\" ]; do\n    CANDIDATE=\"$DIR/SourcePackages/checkouts/wireguard-apple/Sources/WireGuardKitGo\"\n    if [ -d \"$CANDIDATE\" ]; then\n        WG_GO_DIR=\"$CANDIDATE\"\n        break\n    fi\n    DIR=\"$(dirname \"$DIR\")\"\ndone\n[ -n \"$WG_GO_DIR\" ] || { echo \"error: WireGuardKitGo not found\"; exit 1; }\necho \"info: building wg-go bridge in $WG_GO_DIR\"\nexport PATH=\"/opt/homebrew/bin:$HOME/.cargo/bin:/usr/local/bin:/usr/bin:/bin\"\ncd \"$WG_GO_DIR\"\nmake -j$(sysctl -n hw.ncpu)\n";
		};
/* End PBXShellScriptBuildPhase section */

/* Begin PBXSourcesBuildPhase section */
		379E518E1268366463A8BE4F /* Sources */ = {
			isa = PBXSourcesBuildPhase;
			buildActionMask = 2147483647;
			files = (
				20AA99BB72332FFD78A8B74A /* AppDelegate.swift in Sources */,
				19BF97C9AC9B5B02D7D6D054 /* AppGroupKeyStore.swift in Sources */,
				B50EE3D9484F6E28794BA345 /* CloakAuthClient.swift in Sources */,
				D34EFC80DEA3A7E7D79B3B8D /* ConfigParser.swift in Sources */,
				CA56723BB3DCB0085A2F5EC8 /* ConnectionPopoverView.swift in Sources */,
				A848AFC600E98731ECADE270 /* ConnectionViewModel.swift in Sources */,
				B98EA2B1AFF3B0E29256B127 /* LatticeMacApp.swift in Sources */,
				06A8D73A5E1017556ACBD1A5 /* MenuBarController.swift in Sources */,
				4574E08ADCC960CE3490CFD8 /* Region.swift in Sources */,
				63DECF939F2C8716FFF1465E /* RosenpassBridge.swift in Sources */,
				D198FCCAF2CBFB76EB563E2F /* SettingsView.swift in Sources */,
				193371A69A8F22F5FE2D22C3 /* StatusItemIcon.swift in Sources */,
				80D10B1850912C76A48B0F1E /* SubscriptionInfo.swift in Sources */,
				58F5AD73B8542CC0D18FEC8E /* TunnelManager.swift in Sources */,
				2491166337B2E2C24951B1B1 /* rosenpassffi.swift in Sources */,
			);
			runOnlyForDeploymentPostprocessing = 0;
		};
		8D93AD1090FF82FDA824E181 /* Sources */ = {
			isa = PBXSourcesBuildPhase;
			buildActionMask = 2147483647;
			files = (
				C37A889191C3205FB7469E68 /* AppGroupKeyStore.swift in Sources */,
				84700939DE8F4738607EA2DA /* ConfigParser.swift in Sources */,
				59E4D3CD18A7AEABF5D20141 /* LatticeMacTunnelProvider.swift in Sources */,
				1310D17ECFB9880B7225AF99 /* PacketTunnelProvider.swift in Sources */,
				CBC890E0A4F62154200B3DCD /* Region.swift in Sources */,
				DC0C893A230AC7B789DAFFE9 /* RosenpassDriver.swift in Sources */,
				8F5AF229D25A1F22ADA73A6B /* rosenpassffi.swift in Sources */,
			);
			runOnlyForDeploymentPostprocessing = 0;
		};
/* End PBXSourcesBuildPhase section */

/* Begin PBXTargetDependency section */
		BC620701A17543BF2AEB0C27 /* PBXTargetDependency */ = {
			isa = PBXTargetDependency;
			target = EFFB998CEE24A0FEF371E615 /* LatticeMacTunnel */;
			targetProxy = 960D3168DF7FD711BC2BBE56 /* PBXContainerItemProxy */;
		};
/* End PBXTargetDependency section */

/* Begin XCBuildConfiguration section */
		04D4A701562DC4FDE18C8299 /* Release-DirectDownload */ = {
			isa = XCBuildConfiguration;
			buildSettings = {
				ASSETCATALOG_COMPILER_APPICON_NAME = AppIcon;
				CODE_SIGN_ENTITLEMENTS = LatticeMac/Resources/LatticeMac.entitlements;
				CODE_SIGN_STYLE = Automatic;
				COMBINE_HIDPI_IMAGES = YES;
				CURRENT_PROJECT_VERSION = 1;
				DEVELOPMENT_TEAM = 5HYY2YP2G9;
				ENABLE_HARDENED_RUNTIME = YES;
				FRAMEWORK_SEARCH_PATHS = (
					"$(inherited)",
					"\"Frameworks\"",
				);
				INFOPLIST_FILE = LatticeMac/Resources/Info.plist;
				LD_RUNPATH_SEARCH_PATHS = (
					"$(inherited)",
					"@executable_path/../Frameworks",
				);
				MACOSX_DEPLOYMENT_TARGET = 14.0;
				MARKETING_VERSION = 1.0;
				OTHER_SWIFT_FLAGS = "$(inherited) -DDIRECT_DOWNLOAD_BUILD";
				PRODUCT_BUNDLE_IDENTIFIER = ai.latticevpn.macos;
				PRODUCT_NAME = LatticeMac;
				SDKROOT = macosx;
			};
			name = "Release-DirectDownload";
		};
		1F119A203A66828AFBDE358D /* Release */ = {
			isa = XCBuildConfiguration;
			baseConfigurationReference = E4EC78ABF23F8C1F80FE35EB /* Secrets.xcconfig */;
			buildSettings = {
				ALWAYS_SEARCH_USER_PATHS = NO;
				CLANG_ANALYZER_NONNULL = YES;
				CLANG_ANALYZER_NUMBER_OBJECT_CONVERSION = YES_AGGRESSIVE;
				CLANG_CXX_LANGUAGE_STANDARD = "gnu++14";
				CLANG_CXX_LIBRARY = "libc++";
				CLANG_ENABLE_MODULES = YES;
				CLANG_ENABLE_OBJC_ARC = YES;
				CLANG_ENABLE_OBJC_WEAK = YES;
				CLANG_WARN_BLOCK_CAPTURE_AUTORELEASING = YES;
				CLANG_WARN_BOOL_CONVERSION = YES;
				CLANG_WARN_COMMA = YES;
				CLANG_WARN_CONSTANT_CONVERSION = YES;
				CLANG_WARN_DEPRECATED_OBJC_IMPLEMENTATIONS = YES;
				CLANG_WARN_DIRECT_OBJC_ISA_USAGE = YES_ERROR;
				CLANG_WARN_DOCUMENTATION_COMMENTS = YES;
				CLANG_WARN_EMPTY_BODY = YES;
				CLANG_WARN_ENUM_CONVERSION = YES;
				CLANG_WARN_INFINITE_RECURSION = YES;
				CLANG_WARN_INT_CONVERSION = YES;
				CLANG_WARN_NON_LITERAL_NULL_CONVERSION = YES;
				CLANG_WARN_OBJC_IMPLICIT_RETAIN_SELF = YES;
				CLANG_WARN_OBJC_LITERAL_CONVERSION = YES;
				CLANG_WARN_OBJC_ROOT_CLASS = YES_ERROR;
				CLANG_WARN_QUOTED_INCLUDE_IN_FRAMEWORK_HEADER = YES;
				CLANG_WARN_RANGE_LOOP_ANALYSIS = YES;
				CLANG_WARN_STRICT_PROTOTYPES = YES;
				CLANG_WARN_SUSPICIOUS_MOVE = YES;
				CLANG_WARN_UNGUARDED_AVAILABILITY = YES_AGGRESSIVE;
				CLANG_WARN_UNREACHABLE_CODE = YES;
				CLANG_WARN__DUPLICATE_METHOD_MATCH = YES;
				COPY_PHASE_STRIP = NO;
				DEBUG_INFORMATION_FORMAT = "dwarf-with-dsym";
				DEVELOPMENT_TEAM = S6MWM954AD;
				ENABLE_NS_ASSERTIONS = NO;
				ENABLE_STRICT_OBJC_MSGSEND = YES;
				ENABLE_USER_SCRIPT_SANDBOXING = NO;
				GCC_C_LANGUAGE_STANDARD = gnu11;
				GCC_NO_COMMON_BLOCKS = YES;
				GCC_WARN_64_TO_32_BIT_CONVERSION = YES;
				GCC_WARN_ABOUT_RETURN_TYPE = YES_ERROR;
				GCC_WARN_UNDECLARED_SELECTOR = YES;
				GCC_WARN_UNINITIALIZED_AUTOS = YES_AGGRESSIVE;
				GCC_WARN_UNUSED_FUNCTION = YES;
				GCC_WARN_UNUSED_VARIABLE = YES;
				MACOSX_DEPLOYMENT_TARGET = 14.0;
				MTL_ENABLE_DEBUG_INFO = NO;
				MTL_FAST_MATH = YES;
				PRODUCT_NAME = "$(TARGET_NAME)";
				SDKROOT = macosx;
				SWIFT_COMPILATION_MODE = wholemodule;
				SWIFT_OPTIMIZATION_LEVEL = "-O";
				SWIFT_STRICT_CONCURRENCY = minimal;
				SWIFT_VERSION = 5.0;
			};
			name = Release;
		};
		3652585F634DA822BA2A3C30 /* Release-AppStore */ = {
			isa = XCBuildConfiguration;
			buildSettings = {
				CODE_SIGN_ENTITLEMENTS = LatticeMacTunnel/LatticeMacTunnel.entitlements;
				CODE_SIGN_STYLE = Automatic;
				COMBINE_HIDPI_IMAGES = YES;
				CURRENT_PROJECT_VERSION = 1;
				DEVELOPMENT_TEAM = 5HYY2YP2G9;
				ENABLE_HARDENED_RUNTIME = YES;
				FRAMEWORK_SEARCH_PATHS = (
					"$(inherited)",
					"\"Frameworks\"",
				);
				INFOPLIST_FILE = "LatticeMacTunnel/LatticeMacTunnel-Info.plist";
				LD_RUNPATH_SEARCH_PATHS = (
					"$(inherited)",
					"@executable_path/../../../../Frameworks",
				);
				MACOSX_DEPLOYMENT_TARGET = 14.0;
				MARKETING_VERSION = 1.0;
				OTHER_SWIFT_FLAGS = "$(inherited) -DAPPSTORE_BUILD";
				PRODUCT_BUNDLE_IDENTIFIER = ai.latticevpn.macos.tunnel;
				PRODUCT_NAME = LatticeMacTunnel;
				PRODUCT_TYPE = "com.apple.product-type.app-extension";
				SDKROOT = macosx;
			};
			name = "Release-AppStore";
		};
		5E0AE23E9225D8CBAEAB66D3 /* Debug */ = {
			isa = XCBuildConfiguration;
			baseConfigurationReference = E4EC78ABF23F8C1F80FE35EB /* Secrets.xcconfig */;
			buildSettings = {
				ALWAYS_SEARCH_USER_PATHS = NO;
				CLANG_ANALYZER_NONNULL = YES;
				CLANG_ANALYZER_NUMBER_OBJECT_CONVERSION = YES_AGGRESSIVE;
				CLANG_CXX_LANGUAGE_STANDARD = "gnu++14";
				CLANG_CXX_LIBRARY = "libc++";
				CLANG_ENABLE_MODULES = YES;
				CLANG_ENABLE_OBJC_ARC = YES;
				CLANG_ENABLE_OBJC_WEAK = YES;
				CLANG_WARN_BLOCK_CAPTURE_AUTORELEASING = YES;
				CLANG_WARN_BOOL_CONVERSION = YES;
				CLANG_WARN_COMMA = YES;
				CLANG_WARN_CONSTANT_CONVERSION = YES;
				CLANG_WARN_DEPRECATED_OBJC_IMPLEMENTATIONS = YES;
				CLANG_WARN_DIRECT_OBJC_ISA_USAGE = YES_ERROR;
				CLANG_WARN_DOCUMENTATION_COMMENTS = YES;
				CLANG_WARN_EMPTY_BODY = YES;
				CLANG_WARN_ENUM_CONVERSION = YES;
				CLANG_WARN_INFINITE_RECURSION = YES;
				CLANG_WARN_INT_CONVERSION = YES;
				CLANG_WARN_NON_LITERAL_NULL_CONVERSION = YES;
				CLANG_WARN_OBJC_IMPLICIT_RETAIN_SELF = YES;
				CLANG_WARN_OBJC_LITERAL_CONVERSION = YES;
				CLANG_WARN_OBJC_ROOT_CLASS = YES_ERROR;
				CLANG_WARN_QUOTED_INCLUDE_IN_FRAMEWORK_HEADER = YES;
				CLANG_WARN_RANGE_LOOP_ANALYSIS = YES;
				CLANG_WARN_STRICT_PROTOTYPES = YES;
				CLANG_WARN_SUSPICIOUS_MOVE = YES;
				CLANG_WARN_UNGUARDED_AVAILABILITY = YES_AGGRESSIVE;
				CLANG_WARN_UNREACHABLE_CODE = YES;
				CLANG_WARN__DUPLICATE_METHOD_MATCH = YES;
				COPY_PHASE_STRIP = NO;
				DEBUG_INFORMATION_FORMAT = dwarf;
				DEVELOPMENT_TEAM = S6MWM954AD;
				ENABLE_STRICT_OBJC_MSGSEND = YES;
				ENABLE_TESTABILITY = YES;
				ENABLE_USER_SCRIPT_SANDBOXING = NO;
				GCC_C_LANGUAGE_STANDARD = gnu11;
				GCC_DYNAMIC_NO_PIC = NO;
				GCC_NO_COMMON_BLOCKS = YES;
				GCC_OPTIMIZATION_LEVEL = 0;
				GCC_PREPROCESSOR_DEFINITIONS = (
					"$(inherited)",
					"DEBUG=1",
				);
				GCC_WARN_64_TO_32_BIT_CONVERSION = YES;
				GCC_WARN_ABOUT_RETURN_TYPE = YES_ERROR;
				GCC_WARN_UNDECLARED_SELECTOR = YES;
				GCC_WARN_UNINITIALIZED_AUTOS = YES_AGGRESSIVE;
				GCC_WARN_UNUSED_FUNCTION = YES;
				GCC_WARN_UNUSED_VARIABLE = YES;
				MACOSX_DEPLOYMENT_TARGET = 14.0;
				MTL_ENABLE_DEBUG_INFO = INCLUDE_SOURCE;
				MTL_FAST_MATH = YES;
				ONLY_ACTIVE_ARCH = YES;
				PRODUCT_NAME = "$(TARGET_NAME)";
				SDKROOT = macosx;
				SWIFT_ACTIVE_COMPILATION_CONDITIONS = DEBUG;
				SWIFT_OPTIMIZATION_LEVEL = "-Onone";
				SWIFT_STRICT_CONCURRENCY = minimal;
				SWIFT_VERSION = 5.0;
			};
			name = Debug;
		};
		9B29892C91A6E3722C31C448 /* Debug */ = {
			isa = XCBuildConfiguration;
			buildSettings = {
				ASSETCATALOG_COMPILER_APPICON_NAME = AppIcon;
				CODE_SIGN_ENTITLEMENTS = LatticeMac/Resources/LatticeMac.entitlements;
				CODE_SIGN_STYLE = Automatic;
				COMBINE_HIDPI_IMAGES = YES;
				CURRENT_PROJECT_VERSION = 1;
				DEVELOPMENT_TEAM = 5HYY2YP2G9;
				ENABLE_HARDENED_RUNTIME = YES;
				FRAMEWORK_SEARCH_PATHS = (
					"$(inherited)",
					"\"Frameworks\"",
				);
				INFOPLIST_FILE = LatticeMac/Resources/Info.plist;
				LD_RUNPATH_SEARCH_PATHS = (
					"$(inherited)",
					"@executable_path/../Frameworks",
				);
				MACOSX_DEPLOYMENT_TARGET = 14.0;
				MARKETING_VERSION = 1.0;
				PRODUCT_BUNDLE_IDENTIFIER = ai.latticevpn.macos;
				PRODUCT_NAME = LatticeMac;
				SDKROOT = macosx;
			};
			name = Debug;
		};
		A4F49EF768621E441A1D1FB4 /* Release-DirectDownload */ = {
			isa = XCBuildConfiguration;
			baseConfigurationReference = E4EC78ABF23F8C1F80FE35EB /* Secrets.xcconfig */;
			buildSettings = {
				ALWAYS_SEARCH_USER_PATHS = NO;
				CLANG_ANALYZER_NONNULL = YES;
				CLANG_ANALYZER_NUMBER_OBJECT_CONVERSION = YES_AGGRESSIVE;
				CLANG_CXX_LANGUAGE_STANDARD = "gnu++14";
				CLANG_CXX_LIBRARY = "libc++";
				CLANG_ENABLE_MODULES = YES;
				CLANG_ENABLE_OBJC_ARC = YES;
				CLANG_ENABLE_OBJC_WEAK = YES;
				CLANG_WARN_BLOCK_CAPTURE_AUTORELEASING = YES;
				CLANG_WARN_BOOL_CONVERSION = YES;
				CLANG_WARN_COMMA = YES;
				CLANG_WARN_CONSTANT_CONVERSION = YES;
				CLANG_WARN_DEPRECATED_OBJC_IMPLEMENTATIONS = YES;
				CLANG_WARN_DIRECT_OBJC_ISA_USAGE = YES_ERROR;
				CLANG_WARN_DOCUMENTATION_COMMENTS = YES;
				CLANG_WARN_EMPTY_BODY = YES;
				CLANG_WARN_ENUM_CONVERSION = YES;
				CLANG_WARN_INFINITE_RECURSION = YES;
				CLANG_WARN_INT_CONVERSION = YES;
				CLANG_WARN_NON_LITERAL_NULL_CONVERSION = YES;
				CLANG_WARN_OBJC_IMPLICIT_RETAIN_SELF = YES;
				CLANG_WARN_OBJC_LITERAL_CONVERSION = YES;
				CLANG_WARN_OBJC_ROOT_CLASS = YES_ERROR;
				CLANG_WARN_QUOTED_INCLUDE_IN_FRAMEWORK_HEADER = YES;
				CLANG_WARN_RANGE_LOOP_ANALYSIS = YES;
				CLANG_WARN_STRICT_PROTOTYPES = YES;
				CLANG_WARN_SUSPICIOUS_MOVE = YES;
				CLANG_WARN_UNGUARDED_AVAILABILITY = YES_AGGRESSIVE;
				CLANG_WARN_UNREACHABLE_CODE = YES;
				CLANG_WARN__DUPLICATE_METHOD_MATCH = YES;
				COPY_PHASE_STRIP = NO;
				DEBUG_INFORMATION_FORMAT = "dwarf-with-dsym";
				DEVELOPMENT_TEAM = S6MWM954AD;
				ENABLE_NS_ASSERTIONS = NO;
				ENABLE_STRICT_OBJC_MSGSEND = YES;
				ENABLE_USER_SCRIPT_SANDBOXING = NO;
				GCC_C_LANGUAGE_STANDARD = gnu11;
				GCC_NO_COMMON_BLOCKS = YES;
				GCC_WARN_64_TO_32_BIT_CONVERSION = YES;
				GCC_WARN_ABOUT_RETURN_TYPE = YES_ERROR;
				GCC_WARN_UNDECLARED_SELECTOR = YES;
				GCC_WARN_UNINITIALIZED_AUTOS = YES_AGGRESSIVE;
				GCC_WARN_UNUSED_FUNCTION = YES;
				GCC_WARN_UNUSED_VARIABLE = YES;
				MACOSX_DEPLOYMENT_TARGET = 14.0;
				MTL_ENABLE_DEBUG_INFO = NO;
				MTL_FAST_MATH = YES;
				PRODUCT_NAME = "$(TARGET_NAME)";
				SDKROOT = macosx;
				SWIFT_COMPILATION_MODE = wholemodule;
				SWIFT_OPTIMIZATION_LEVEL = "-O";
				SWIFT_STRICT_CONCURRENCY = minimal;
				SWIFT_VERSION = 5.0;
			};
			name = "Release-DirectDownload";
		};
		BC11DB0E298451AA7F70FB60 /* Release */ = {
			isa = XCBuildConfiguration;
			buildSettings = {
				CODE_SIGN_ENTITLEMENTS = LatticeMacTunnel/LatticeMacTunnel.entitlements;
				CODE_SIGN_STYLE = Automatic;
				COMBINE_HIDPI_IMAGES = YES;
				CURRENT_PROJECT_VERSION = 1;
				DEVELOPMENT_TEAM = 5HYY2YP2G9;
				ENABLE_HARDENED_RUNTIME = YES;
				FRAMEWORK_SEARCH_PATHS = (
					"$(inherited)",
					"\"Frameworks\"",
				);
				INFOPLIST_FILE = "LatticeMacTunnel/LatticeMacTunnel-Info.plist";
				LD_RUNPATH_SEARCH_PATHS = (
					"$(inherited)",
					"@executable_path/../../../../Frameworks",
				);
				MACOSX_DEPLOYMENT_TARGET = 14.0;
				MARKETING_VERSION = 1.0;
				PRODUCT_BUNDLE_IDENTIFIER = ai.latticevpn.macos.tunnel;
				PRODUCT_NAME = LatticeMacTunnel;
				PRODUCT_TYPE = "com.apple.product-type.app-extension";
				SDKROOT = macosx;
			};
			name = Release;
		};
		BFEF8CA99F2770588044E572 /* Release-AppStore */ = {
			isa = XCBuildConfiguration;
			baseConfigurationReference = E4EC78ABF23F8C1F80FE35EB /* Secrets.xcconfig */;
			buildSettings = {
				ALWAYS_SEARCH_USER_PATHS = NO;
				CLANG_ANALYZER_NONNULL = YES;
				CLANG_ANALYZER_NUMBER_OBJECT_CONVERSION = YES_AGGRESSIVE;
				CLANG_CXX_LANGUAGE_STANDARD = "gnu++14";
				CLANG_CXX_LIBRARY = "libc++";
				CLANG_ENABLE_MODULES = YES;
				CLANG_ENABLE_OBJC_ARC = YES;
				CLANG_ENABLE_OBJC_WEAK = YES;
				CLANG_WARN_BLOCK_CAPTURE_AUTORELEASING = YES;
				CLANG_WARN_BOOL_CONVERSION = YES;
				CLANG_WARN_COMMA = YES;
				CLANG_WARN_CONSTANT_CONVERSION = YES;
				CLANG_WARN_DEPRECATED_OBJC_IMPLEMENTATIONS = YES;
				CLANG_WARN_DIRECT_OBJC_ISA_USAGE = YES_ERROR;
				CLANG_WARN_DOCUMENTATION_COMMENTS = YES;
				CLANG_WARN_EMPTY_BODY = YES;
				CLANG_WARN_ENUM_CONVERSION = YES;
				CLANG_WARN_INFINITE_RECURSION = YES;
				CLANG_WARN_INT_CONVERSION = YES;
				CLANG_WARN_NON_LITERAL_NULL_CONVERSION = YES;
				CLANG_WARN_OBJC_IMPLICIT_RETAIN_SELF = YES;
				CLANG_WARN_OBJC_LITERAL_CONVERSION = YES;
				CLANG_WARN_OBJC_ROOT_CLASS = YES_ERROR;
				CLANG_WARN_QUOTED_INCLUDE_IN_FRAMEWORK_HEADER = YES;
				CLANG_WARN_RANGE_LOOP_ANALYSIS = YES;
				CLANG_WARN_STRICT_PROTOTYPES = YES;
				CLANG_WARN_SUSPICIOUS_MOVE = YES;
				CLANG_WARN_UNGUARDED_AVAILABILITY = YES_AGGRESSIVE;
				CLANG_WARN_UNREACHABLE_CODE = YES;
				CLANG_WARN__DUPLICATE_METHOD_MATCH = YES;
				COPY_PHASE_STRIP = NO;
				DEBUG_INFORMATION_FORMAT = "dwarf-with-dsym";
				DEVELOPMENT_TEAM = S6MWM954AD;
				ENABLE_NS_ASSERTIONS = NO;
				ENABLE_STRICT_OBJC_MSGSEND = YES;
				ENABLE_USER_SCRIPT_SANDBOXING = NO;
				GCC_C_LANGUAGE_STANDARD = gnu11;
				GCC_NO_COMMON_BLOCKS = YES;
				GCC_WARN_64_TO_32_BIT_CONVERSION = YES;
				GCC_WARN_ABOUT_RETURN_TYPE = YES_ERROR;
				GCC_WARN_UNDECLARED_SELECTOR = YES;
				GCC_WARN_UNINITIALIZED_AUTOS = YES_AGGRESSIVE;
				GCC_WARN_UNUSED_FUNCTION = YES;
				GCC_WARN_UNUSED_VARIABLE = YES;
				MACOSX_DEPLOYMENT_TARGET = 14.0;
				MTL_ENABLE_DEBUG_INFO = NO;
				MTL_FAST_MATH = YES;
				PRODUCT_NAME = "$(TARGET_NAME)";
				SDKROOT = macosx;
				SWIFT_COMPILATION_MODE = wholemodule;
				SWIFT_OPTIMIZATION_LEVEL = "-O";
				SWIFT_STRICT_CONCURRENCY = minimal;
				SWIFT_VERSION = 5.0;
			};
			name = "Release-AppStore";
		};
		D2A4897AC0491093478A326D /* Release-AppStore */ = {
			isa = XCBuildConfiguration;
			buildSettings = {
				ASSETCATALOG_COMPILER_APPICON_NAME = AppIcon;
				CODE_SIGN_ENTITLEMENTS = LatticeMac/Resources/LatticeMac.entitlements;
				CODE_SIGN_STYLE = Automatic;
				COMBINE_HIDPI_IMAGES = YES;
				CURRENT_PROJECT_VERSION = 1;
				DEVELOPMENT_TEAM = 5HYY2YP2G9;
				ENABLE_HARDENED_RUNTIME = YES;
				FRAMEWORK_SEARCH_PATHS = (
					"$(inherited)",
					"\"Frameworks\"",
				);
				INFOPLIST_FILE = LatticeMac/Resources/Info.plist;
				LD_RUNPATH_SEARCH_PATHS = (
					"$(inherited)",
					"@executable_path/../Frameworks",
				);
				MACOSX_DEPLOYMENT_TARGET = 14.0;
				MARKETING_VERSION = 1.0;
				OTHER_SWIFT_FLAGS = "$(inherited) -DAPPSTORE_BUILD";
				PRODUCT_BUNDLE_IDENTIFIER = ai.latticevpn.macos;
				PRODUCT_NAME = LatticeMac;
				SDKROOT = macosx;
			};
			name = "Release-AppStore";
		};
		D9AA41DA82CDEA59EB3D8B00 /* Release */ = {
			isa = XCBuildConfiguration;
			buildSettings = {
				ASSETCATALOG_COMPILER_APPICON_NAME = AppIcon;
				CODE_SIGN_ENTITLEMENTS = LatticeMac/Resources/LatticeMac.entitlements;
				CODE_SIGN_STYLE = Automatic;
				COMBINE_HIDPI_IMAGES = YES;
				CURRENT_PROJECT_VERSION = 1;
				DEVELOPMENT_TEAM = 5HYY2YP2G9;
				ENABLE_HARDENED_RUNTIME = YES;
				FRAMEWORK_SEARCH_PATHS = (
					"$(inherited)",
					"\"Frameworks\"",
				);
				INFOPLIST_FILE = LatticeMac/Resources/Info.plist;
				LD_RUNPATH_SEARCH_PATHS = (
					"$(inherited)",
					"@executable_path/../Frameworks",
				);
				MACOSX_DEPLOYMENT_TARGET = 14.0;
				MARKETING_VERSION = 1.0;
				PRODUCT_BUNDLE_IDENTIFIER = ai.latticevpn.macos;
				PRODUCT_NAME = LatticeMac;
				SDKROOT = macosx;
			};
			name = Release;
		};
		DDB9CB0D784FF372BA6AB86A /* Release-DirectDownload */ = {
			isa = XCBuildConfiguration;
			buildSettings = {
				CODE_SIGN_ENTITLEMENTS = LatticeMacTunnel/LatticeMacTunnel.entitlements;
				CODE_SIGN_STYLE = Automatic;
				COMBINE_HIDPI_IMAGES = YES;
				CURRENT_PROJECT_VERSION = 1;
				DEVELOPMENT_TEAM = 5HYY2YP2G9;
				ENABLE_HARDENED_RUNTIME = YES;
				FRAMEWORK_SEARCH_PATHS = (
					"$(inherited)",
					"\"Frameworks\"",
				);
				INFOPLIST_FILE = "LatticeMacTunnel/LatticeMacTunnel-Info.plist";
				LD_RUNPATH_SEARCH_PATHS = (
					"$(inherited)",
					"@executable_path/../../../../Frameworks",
				);
				MACOSX_DEPLOYMENT_TARGET = 14.0;
				MARKETING_VERSION = 1.0;
				OTHER_SWIFT_FLAGS = "$(inherited) -DDIRECT_DOWNLOAD_BUILD";
				PRODUCT_BUNDLE_IDENTIFIER = ai.latticevpn.macos.tunnel;
				PRODUCT_NAME = LatticeMacTunnel;
				PRODUCT_TYPE = "com.apple.product-type.app-extension";
				SDKROOT = macosx;
			};
			name = "Release-DirectDownload";
		};
		ECFD2C7EFB28C0E588C2C0D8 /* Debug */ = {
			isa = XCBuildConfiguration;
			buildSettings = {
				CODE_SIGN_ENTITLEMENTS = LatticeMacTunnel/LatticeMacTunnel.entitlements;
				CODE_SIGN_STYLE = Automatic;
				COMBINE_HIDPI_IMAGES = YES;
				CURRENT_PROJECT_VERSION = 1;
				DEVELOPMENT_TEAM = 5HYY2YP2G9;
				ENABLE_HARDENED_RUNTIME = YES;
				FRAMEWORK_SEARCH_PATHS = (
					"$(inherited)",
					"\"Frameworks\"",
				);
				INFOPLIST_FILE = "LatticeMacTunnel/LatticeMacTunnel-Info.plist";
				LD_RUNPATH_SEARCH_PATHS = (
					"$(inherited)",
					"@executable_path/../../../../Frameworks",
				);
				MACOSX_DEPLOYMENT_TARGET = 14.0;
				MARKETING_VERSION = 1.0;
				PRODUCT_BUNDLE_IDENTIFIER = ai.latticevpn.macos.tunnel;
				PRODUCT_NAME = LatticeMacTunnel;
				PRODUCT_TYPE = "com.apple.product-type.app-extension";
				SDKROOT = macosx;
			};
			name = Debug;
		};
/* End XCBuildConfiguration section */

/* Begin XCConfigurationList section */
		75940214D4978B57FB6F12F7 /* Build configuration list for PBXNativeTarget "LatticeMacTunnel" */ = {
			isa = XCConfigurationList;
			buildConfigurations = (
				ECFD2C7EFB28C0E588C2C0D8 /* Debug */,
				BC11DB0E298451AA7F70FB60 /* Release */,
				3652585F634DA822BA2A3C30 /* Release-AppStore */,
				DDB9CB0D784FF372BA6AB86A /* Release-DirectDownload */,
			);
			defaultConfigurationIsVisible = 0;
			defaultConfigurationName = Debug;
		};
		DA4C3A59F7EEA52B55A39820 /* Build configuration list for PBXNativeTarget "LatticeMac" */ = {
			isa = XCConfigurationList;
			buildConfigurations = (
				9B29892C91A6E3722C31C448 /* Debug */,
				D9AA41DA82CDEA59EB3D8B00 /* Release */,
				D2A4897AC0491093478A326D /* Release-AppStore */,
				04D4A701562DC4FDE18C8299 /* Release-DirectDownload */,
			);
			defaultConfigurationIsVisible = 0;
			defaultConfigurationName = Debug;
		};
		EFBD04CA08F44C695EC95D5A /* Build configuration list for PBXProject "LatticeMac" */ = {
			isa = XCConfigurationList;
			buildConfigurations = (
				5E0AE23E9225D8CBAEAB66D3 /* Debug */,
				1F119A203A66828AFBDE358D /* Release */,
				BFEF8CA99F2770588044E572 /* Release-AppStore */,
				A4F49EF768621E441A1D1FB4 /* Release-DirectDownload */,
			);
			defaultConfigurationIsVisible = 0;
			defaultConfigurationName = Debug;
		};
/* End XCConfigurationList section */

/* Begin XCRemoteSwiftPackageReference section */
		9BF8CAA7C733355E60BB45F7 /* XCRemoteSwiftPackageReference "wireguard-apple" */ = {
			isa = XCRemoteSwiftPackageReference;
			repositoryURL = "https://github.com/mullvad/wireguard-apple.git";
			requirement = {
				branch = "mullvad-master";
				kind = branch;
			};
		};
/* End XCRemoteSwiftPackageReference section */

/* Begin XCSwiftPackageProductDependency section */
		AE77F3F852E2699E6B1ECF04 /* WireGuardKit */ = {
			isa = XCSwiftPackageProductDependency;
			package = 9BF8CAA7C733355E60BB45F7 /* XCRemoteSwiftPackageReference "wireguard-apple" */;
			productName = WireGuardKit;
		};
/* End XCSwiftPackageProductDependency section */
	};
	rootObject = 0909503C99CBFDB71E755059 /* Project object */;
}
